# generated by rye
# use `rye lock` or `rye sync` to update this lockfile
#
# last locked with the following flags:
#   pre: false
#   features: []
#   all-features: false
#   with-sources: false

asgiref==3.8.1
    # via django
attrs==23.2.0
    # via pytest
django==3.2.2
    # via djangorestframework
djangorestframework==3.12.4
gunicorn==20.0.4
iniconfig==2.0.0
    # via pytest
packaging==24.0
    # via pytest
pluggy==1.5.0
    # via pytest
py==1.11.0
    # via pytest
pytest==6.2.5
    # via pytest-django
pytest-django==4.4.0
pytz==2024.1
    # via django
sqlparse==0.5.0
    # via django
toml==0.10.2
    # via pytest
typing-extensions==4.11.0
    # via asgiref
setuptools==69.5.1
    # via gunicorn
